
Microsoft Visual Studio Solution File, Format Version 12.00
# Visual Studio Version 16
VisualStudioVersion = 16.0.30225.117
MinimumVisualStudioVersion = 10.0.40219.1
Project("{FAE04EC0-301F-11D3-BF4B-00C04F79EFBC}") = "Spotify", "Spotify\Spotify.csproj", "{097D13B7-8614-4E4A-A0BC-1D0B2E190337}"
EndProject
Global
	GlobalSection(SolutionConfigurationPlatforms) = preSolution
		Debug|Any CPU = Debug|Any CPU
		Release|Any CPU = Release|Any CPU
	EndGlobalSection
	GlobalSection(ProjectConfigurationPlatforms) = postSolution
		{097D13B7-8614-4E4A-A0BC-1D0B2E190337}.Debug|Any CPU.ActiveCfg = Debug|Any CPU
		{097D13B7-8614-4E4A-A0BC-1D0B2E190337}.Debug|Any CPU.Build.0 = Debug|Any CPU
		{097D13B7-8614-4E4A-A0BC-1D0B2E190337}.Release|Any CPU.ActiveCfg = Release|Any CPU
		{097D13B7-8614-4E4A-A0BC-1D0B2E190337}.Release|Any CPU.Build.0 = Release|Any CPU
	EndGlobalSection
	GlobalSection(SolutionProperties) = preSolution
		HideSolutionNode = FALSE
	EndGlobalSection
	GlobalSection(ExtensibilityGlobals) = postSolution
		SolutionGuid = {B73F20E2-507A-47C1-8825-00E3E10D4257}
	EndGlobalSection
EndGlobal
